
Microsoft Visual Studio Solution File, Format Version 12.00
# Visual Studio Version 16
VisualStudioVersion = 16.0.30503.244
MinimumVisualStudioVersion = 10.0.40219.1
Project("{FAE04EC0-301F-11D3-BF4B-00C04F79EFBC}") = "Calculator", "Calculator\Calculator.csproj", "{575B9B3D-AE73-44C9-92D4-48D75F239839}"
EndProject
Project("{FAE04EC0-301F-11D3-BF4B-00C04F79EFBC}") = "UI_TestProj", "UI_TestProj\UI_TestProj.csproj", "{7435DC9A-6FBF-4E92-B283-DBFC9824FE88}"
EndProject
Project("{FAE04EC0-301F-11D3-BF4B-00C04F79EFBC}") = "SpecflowTests", "SpecflowTests\SpecflowTests.csproj", "{0C0CBA1B-850E-48C8-B43B-38B54E4A227D}"
EndProject
Global
	GlobalSection(SolutionConfigurationPlatforms) = preSolution
		Debug|Any CPU = Debug|Any CPU
		Release|Any CPU = Release|Any CPU
	EndGlobalSection
	GlobalSection(ProjectConfigurationPlatforms) = postSolution
		{575B9B3D-AE73-44C9-92D4-48D75F239839}.Debug|Any CPU.ActiveCfg = Debug|Any CPU
		{575B9B3D-AE73-44C9-92D4-48D75F239839}.Debug|Any CPU.Build.0 = Debug|Any CPU
		{575B9B3D-AE73-44C9-92D4-48D75F239839}.Debug|Any CPU.Deploy.0 = Debug|Any CPU
		{575B9B3D-AE73-44C9-92D4-48D75F239839}.Release|Any CPU.ActiveCfg = Release|Any CPU
		{575B9B3D-AE73-44C9-92D4-48D75F239839}.Release|Any CPU.Build.0 = Release|Any CPU
		{575B9B3D-AE73-44C9-92D4-48D75F239839}.Release|Any CPU.Deploy.0 = Release|Any CPU
		{7435DC9A-6FBF-4E92-B283-DBFC9824FE88}.Debug|Any CPU.ActiveCfg = Debug|Any CPU
		{7435DC9A-6FBF-4E92-B283-DBFC9824FE88}.Debug|Any CPU.Build.0 = Debug|Any CPU
		{7435DC9A-6FBF-4E92-B283-DBFC9824FE88}.Release|Any CPU.ActiveCfg = Release|Any CPU
		{7435DC9A-6FBF-4E92-B283-DBFC9824FE88}.Release|Any CPU.Build.0 = Release|Any CPU
		{0C0CBA1B-850E-48C8-B43B-38B54E4A227D}.Debug|Any CPU.ActiveCfg = Debug|Any CPU
		{0C0CBA1B-850E-48C8-B43B-38B54E4A227D}.Debug|Any CPU.Build.0 = Debug|Any CPU
		{0C0CBA1B-850E-48C8-B43B-38B54E4A227D}.Release|Any CPU.ActiveCfg = Release|Any CPU
		{0C0CBA1B-850E-48C8-B43B-38B54E4A227D}.Release|Any CPU.Build.0 = Release|Any CPU
	EndGlobalSection
	GlobalSection(SolutionProperties) = preSolution
		HideSolutionNode = FALSE
	EndGlobalSection
	GlobalSection(ExtensibilityGlobals) = postSolution
		SolutionGuid = {DA1DFE94-67E4-4FDF-B3B0-CF7A3D0FC9B5}
	EndGlobalSection
EndGlobal
